
Microsoft Visual Studio Solution File, Format Version 12.00
# Visual Studio Version 17
VisualStudioVersion = 17.7.34031.279
MinimumVisualStudioVersion = 10.0.40219.1
Project("{FAE04EC0-301F-11D3-BF4B-00C04F79EFBC}") = "Практос №4 (С#)", "Практос №4 (С#)\Практос №4 (С#).csproj", "{85C41783-F447-4359-B96E-C12F627D72E7}"
EndProject
Global
	GlobalSection(SolutionConfigurationPlatforms) = preSolution
		Debug|Any CPU = Debug|Any CPU
		Release|Any CPU = Release|Any CPU
	EndGlobalSection
	GlobalSection(ProjectConfigurationPlatforms) = postSolution
		{85C41783-F447-4359-B96E-C12F627D72E7}.Debug|Any CPU.ActiveCfg = Debug|Any CPU
		{85C41783-F447-4359-B96E-C12F627D72E7}.Debug|Any CPU.Build.0 = Debug|Any CPU
		{85C41783-F447-4359-B96E-C12F627D72E7}.Release|Any CPU.ActiveCfg = Release|Any CPU
		{85C41783-F447-4359-B96E-C12F627D72E7}.Release|Any CPU.Build.0 = Release|Any CPU
	EndGlobalSection
	GlobalSection(SolutionProperties) = preSolution
		HideSolutionNode = FALSE
	EndGlobalSection
	GlobalSection(ExtensibilityGlobals) = postSolution
		SolutionGuid = {AFB6AA6F-D2CA-443C-9291-7EB8D881FBB2}
	EndGlobalSection
EndGlobal
